
Microsoft Visual Studio Solution File, Format Version 12.00
# Visual Studio Version 16
VisualStudioVersion = 16.0.31702.278
MinimumVisualStudioVersion = 10.0.40219.1
Project("{FAE04EC0-301F-11D3-BF4B-00C04F79EFBC}") = "MasterPagetest01", "MasterPagetest01\MasterPagetest01.csproj", "{B9F9DC58-1384-4F96-955B-0DC1E9E1946E}"
EndProject
Global
	GlobalSection(SolutionConfigurationPlatforms) = preSolution
		Debug|Any CPU = Debug|Any CPU
		Release|Any CPU = Release|Any CPU
	EndGlobalSection
	GlobalSection(ProjectConfigurationPlatforms) = postSolution
		{B9F9DC58-1384-4F96-955B-0DC1E9E1946E}.Debug|Any CPU.ActiveCfg = Debug|Any CPU
		{B9F9DC58-1384-4F96-955B-0DC1E9E1946E}.Debug|Any CPU.Build.0 = Debug|Any CPU
		{B9F9DC58-1384-4F96-955B-0DC1E9E1946E}.Release|Any CPU.ActiveCfg = Release|Any CPU
		{B9F9DC58-1384-4F96-955B-0DC1E9E1946E}.Release|Any CPU.Build.0 = Release|Any CPU
	EndGlobalSection
	GlobalSection(SolutionProperties) = preSolution
		HideSolutionNode = FALSE
	EndGlobalSection
	GlobalSection(ExtensibilityGlobals) = postSolution
		SolutionGuid = {73BAB8AD-D6B1-4A17-9B23-93279DB5979E}
	EndGlobalSection
EndGlobal
